
Microsoft Visual Studio Solution File, Format Version 12.00
# Visual Studio Version 17
VisualStudioVersion = 17.0.31903.59
MinimumVisualStudioVersion = 10.0.40219.1
Project("{FAE04EC0-301F-11D3-BF4B-00C04F79EFBC}") = "Game.Domain", "Game.Domain\Game.Domain.csproj", "{2621A4A3-0846-4B6B-9B2B-E3B6411A60C7}"
EndProject
Project("{FAE04EC0-301F-11D3-BF4B-00C04F79EFBC}") = "Game.Application", "Game.Application\Game.Application.csproj", "{E2A1E508-DDB1-413F-88CF-59353229BA8B}"
EndProject
Project("{FAE04EC0-301F-11D3-BF4B-00C04F79EFBC}") = "Game.Infrastructure", "Game.Infrastructure\Game.Infrastructure.csproj", "{D4A337FC-616B-446E-9C18-4BF8310530B7}"
EndProject
Project("{FAE04EC0-301F-11D3-BF4B-00C04F79EFBC}") = "Game.Api", "Game.Api\Game.Api.csproj", "{D8B33548-8CF5-4A90-AA7A-6124FA8A3BE7}"
EndProject
Project("{FAE04EC0-301F-11D3-BF4B-00C04F79EFBC}") = "Game.Domain.Tests", "..\tests\Game.Domain.Tests\Game.Domain.Tests.csproj", "{99AFA8F3-06A9-4DCD-98D1-CC630A9150FC}"
EndProject
Project("{FAE04EC0-301F-11D3-BF4B-00C04F79EFBC}") = "Game.Application.Tests", "..\tests\Game.Application.Tests\Game.Application.Tests.csproj", "{B9706ABD-8B38-44A8-B6DC-D83146636974}"
EndProject
Project("{FAE04EC0-301F-11D3-BF4B-00C04F79EFBC}") = "Game.Infrastructure.Tests", "..\tests\Game.Infrastructure.Tests\Game.Infrastructure.Tests.csproj", "{785A29D7-D52F-412A-A48B-5BF464C61680}"
EndProject
Global
	GlobalSection(SolutionConfigurationPlatforms) = preSolution
		Debug|Any CPU = Debug|Any CPU
		Release|Any CPU = Release|Any CPU
	EndGlobalSection
	GlobalSection(SolutionProperties) = preSolution
		HideSolutionNode = FALSE
	EndGlobalSection
	GlobalSection(ProjectConfigurationPlatforms) = postSolution
		{2621A4A3-0846-4B6B-9B2B-E3B6411A60C7}.Debug|Any CPU.ActiveCfg = Debug|Any CPU
		{2621A4A3-0846-4B6B-9B2B-E3B6411A60C7}.Debug|Any CPU.Build.0 = Debug|Any CPU
		{2621A4A3-0846-4B6B-9B2B-E3B6411A60C7}.Release|Any CPU.ActiveCfg = Release|Any CPU
		{2621A4A3-0846-4B6B-9B2B-E3B6411A60C7}.Release|Any CPU.Build.0 = Release|Any CPU
		{E2A1E508-DDB1-413F-88CF-59353229BA8B}.Debug|Any CPU.ActiveCfg = Debug|Any CPU
		{E2A1E508-DDB1-413F-88CF-59353229BA8B}.Debug|Any CPU.Build.0 = Debug|Any CPU
		{E2A1E508-DDB1-413F-88CF-59353229BA8B}.Release|Any CPU.ActiveCfg = Release|Any CPU
		{E2A1E508-DDB1-413F-88CF-59353229BA8B}.Release|Any CPU.Build.0 = Release|Any CPU
		{D4A337FC-616B-446E-9C18-4BF8310530B7}.Debug|Any CPU.ActiveCfg = Debug|Any CPU
		{D4A337FC-616B-446E-9C18-4BF8310530B7}.Debug|Any CPU.Build.0 = Debug|Any CPU
		{D4A337FC-616B-446E-9C18-4BF8310530B7}.Release|Any CPU.ActiveCfg = Release|Any CPU
		{D4A337FC-616B-446E-9C18-4BF8310530B7}.Release|Any CPU.Build.0 = Release|Any CPU
		{D8B33548-8CF5-4A90-AA7A-6124FA8A3BE7}.Debug|Any CPU.ActiveCfg = Debug|Any CPU
		{D8B33548-8CF5-4A90-AA7A-6124FA8A3BE7}.Debug|Any CPU.Build.0 = Debug|Any CPU
		{D8B33548-8CF5-4A90-AA7A-6124FA8A3BE7}.Release|Any CPU.ActiveCfg = Release|Any CPU
		{D8B33548-8CF5-4A90-AA7A-6124FA8A3BE7}.Release|Any CPU.Build.0 = Release|Any CPU
		{99AFA8F3-06A9-4DCD-98D1-CC630A9150FC}.Debug|Any CPU.ActiveCfg = Debug|Any CPU
		{99AFA8F3-06A9-4DCD-98D1-CC630A9150FC}.Debug|Any CPU.Build.0 = Debug|Any CPU
		{99AFA8F3-06A9-4DCD-98D1-CC630A9150FC}.Release|Any CPU.ActiveCfg = Release|Any CPU
		{99AFA8F3-06A9-4DCD-98D1-CC630A9150FC}.Release|Any CPU.Build.0 = Release|Any CPU
		{B9706ABD-8B38-44A8-B6DC-D83146636974}.Debug|Any CPU.ActiveCfg = Debug|Any CPU
		{B9706ABD-8B38-44A8-B6DC-D83146636974}.Debug|Any CPU.Build.0 = Debug|Any CPU
		{B9706ABD-8B38-44A8-B6DC-D83146636974}.Release|Any CPU.ActiveCfg = Release|Any CPU
		{B9706ABD-8B38-44A8-B6DC-D83146636974}.Release|Any CPU.Build.0 = Release|Any CPU
		{785A29D7-D52F-412A-A48B-5BF464C61680}.Debug|Any CPU.ActiveCfg = Debug|Any CPU
		{785A29D7-D52F-412A-A48B-5BF464C61680}.Debug|Any CPU.Build.0 = Debug|Any CPU
		{785A29D7-D52F-412A-A48B-5BF464C61680}.Release|Any CPU.ActiveCfg = Release|Any CPU
		{785A29D7-D52F-412A-A48B-5BF464C61680}.Release|Any CPU.Build.0 = Release|Any CPU
	EndGlobalSection
EndGlobal
